
Microsoft Visual Studio Solution File, Format Version 12.00
# Visual Studio Version 17
VisualStudioVersion = 17.6.33829.357
MinimumVisualStudioVersion = 10.0.40219.1
Project("{FAE04EC0-301F-11D3-BF4B-00C04F79EFBC}") = "ChallengeApp", "ChallengeApp\ChallengeApp.csproj", "{BDD4CDE7-0D36-4796-B438-B31BA7FEFE04}"
EndProject
Global
	GlobalSection(SolutionConfigurationPlatforms) = preSolution
		Debug|Any CPU = Debug|Any CPU
		Release|Any CPU = Release|Any CPU
	EndGlobalSection
	GlobalSection(ProjectConfigurationPlatforms) = postSolution
		{BDD4CDE7-0D36-4796-B438-B31BA7FEFE04}.Debug|Any CPU.ActiveCfg = Debug|Any CPU
		{BDD4CDE7-0D36-4796-B438-B31BA7FEFE04}.Debug|Any CPU.Build.0 = Debug|Any CPU
		{BDD4CDE7-0D36-4796-B438-B31BA7FEFE04}.Release|Any CPU.ActiveCfg = Release|Any CPU
		{BDD4CDE7-0D36-4796-B438-B31BA7FEFE04}.Release|Any CPU.Build.0 = Release|Any CPU
	EndGlobalSection
	GlobalSection(SolutionProperties) = preSolution
		HideSolutionNode = FALSE
	EndGlobalSection
	GlobalSection(ExtensibilityGlobals) = postSolution
		SolutionGuid = {B332AE84-BFDF-41B5-B17E-2B78F8B3DB51}
	EndGlobalSection
EndGlobal
